
Microsoft Visual Studio Solution File, Format Version 12.00
# Visual Studio 15
VisualStudioVersion = 15.0.28307.1267
MinimumVisualStudioVersion = 10.0.40219.1
Project("{FAE04EC0-301F-11D3-BF4B-00C04F79EFBC}") = "API", "API\API.csproj", "{EBA3C168-00F7-4925-9562-C585B1C96ECC}"
EndProject
Project("{FAE04EC0-301F-11D3-BF4B-00C04F79EFBC}") = "MVC", "MVC\MVC.csproj", "{FC958132-B347-4C9B-8494-D77E72993402}"
EndProject
Global
	GlobalSection(SolutionConfigurationPlatforms) = preSolution
		Debug|Any CPU = Debug|Any CPU
		Release|Any CPU = Release|Any CPU
	EndGlobalSection
	GlobalSection(ProjectConfigurationPlatforms) = postSolution
		{EBA3C168-00F7-4925-9562-C585B1C96ECC}.Debug|Any CPU.ActiveCfg = Debug|Any CPU
		{EBA3C168-00F7-4925-9562-C585B1C96ECC}.Debug|Any CPU.Build.0 = Debug|Any CPU
		{EBA3C168-00F7-4925-9562-C585B1C96ECC}.Release|Any CPU.ActiveCfg = Release|Any CPU
		{EBA3C168-00F7-4925-9562-C585B1C96ECC}.Release|Any CPU.Build.0 = Release|Any CPU
		{FC958132-B347-4C9B-8494-D77E72993402}.Debug|Any CPU.ActiveCfg = Debug|Any CPU
		{FC958132-B347-4C9B-8494-D77E72993402}.Debug|Any CPU.Build.0 = Debug|Any CPU
		{FC958132-B347-4C9B-8494-D77E72993402}.Release|Any CPU.ActiveCfg = Release|Any CPU
		{FC958132-B347-4C9B-8494-D77E72993402}.Release|Any CPU.Build.0 = Release|Any CPU
	EndGlobalSection
	GlobalSection(SolutionProperties) = preSolution
		HideSolutionNode = FALSE
	EndGlobalSection
	GlobalSection(ExtensibilityGlobals) = postSolution
		SolutionGuid = {B202426C-56F5-4474-BF74-CCA72547C608}
	EndGlobalSection
EndGlobal
